{
  "name": "@fort-wayne-ai/team-skills",
  "version": "0.9.1",
  "lockfileVersion": 3,
  "requires": true,
  "packages": {
    "": {
      "name": "@fort-wayne-ai/team-skills",
      "version": "0.9.1",
      "hasInstallScript": true,
      "bin": {
        "team-skills": "bin/team-skills.mjs"
      },
      "engines": {
        "node": ">=22"
      }
    }
  }
}
